
Microsoft Visual Studio Solution File, Format Version 12.00
# Visual Studio Version 17
VisualStudioVersion = 17.4.33205.214
MinimumVisualStudioVersion = 10.0.40219.1
Project("{FAE04EC0-301F-11D3-BF4B-00C04F79EFBC}") = "Web", "Web\Web.csproj", "{D09F24AD-4A75-4694-A14B-FF76949F9E0D}"
EndProject
Global
	GlobalSection(SolutionConfigurationPlatforms) = preSolution
		Debug|Any CPU = Debug|Any CPU
		Release|Any CPU = Release|Any CPU
	EndGlobalSection
	GlobalSection(ProjectConfigurationPlatforms) = postSolution
		{D09F24AD-4A75-4694-A14B-FF76949F9E0D}.Debug|Any CPU.ActiveCfg = Debug|Any CPU
		{D09F24AD-4A75-4694-A14B-FF76949F9E0D}.Debug|Any CPU.Build.0 = Debug|Any CPU
		{D09F24AD-4A75-4694-A14B-FF76949F9E0D}.Release|Any CPU.ActiveCfg = Release|Any CPU
		{D09F24AD-4A75-4694-A14B-FF76949F9E0D}.Release|Any CPU.Build.0 = Release|Any CPU
	EndGlobalSection
	GlobalSection(SolutionProperties) = preSolution
		HideSolutionNode = FALSE
	EndGlobalSection
	GlobalSection(ExtensibilityGlobals) = postSolution
		SolutionGuid = {0A342B37-9DCE-4D2E-B7ED-7F0DEE3AABC0}
	EndGlobalSection
EndGlobal
